
Microsoft Visual Studio Solution File, Format Version 12.00
# Visual Studio Version 16
VisualStudioVersion = 25.0.1700.0
MinimumVisualStudioVersion = 10.0.40219.1
Project("{FAE04EC0-301F-11D3-BF4B-00C04F79EFBC}") = "Api", "Api.csproj", "{EBA5C536-F0EB-4F12-A7C7-185D7EC86057}"
EndProject
Global
	GlobalSection(SolutionConfigurationPlatforms) = preSolution
		Debug|Any CPU = Debug|Any CPU
		Release|Any CPU = Release|Any CPU
	EndGlobalSection
	GlobalSection(ProjectConfigurationPlatforms) = postSolution
		{EBA5C536-F0EB-4F12-A7C7-185D7EC86057}.Debug|Any CPU.ActiveCfg = Debug|Any CPU
		{EBA5C536-F0EB-4F12-A7C7-185D7EC86057}.Debug|Any CPU.Build.0 = Debug|Any CPU
		{EBA5C536-F0EB-4F12-A7C7-185D7EC86057}.Release|Any CPU.ActiveCfg = Release|Any CPU
		{EBA5C536-F0EB-4F12-A7C7-185D7EC86057}.Release|Any CPU.Build.0 = Release|Any CPU
	EndGlobalSection
	GlobalSection(SolutionProperties) = preSolution
		HideSolutionNode = FALSE
	EndGlobalSection
	GlobalSection(ExtensibilityGlobals) = postSolution
		SolutionGuid = {5C7C245B-C435-43DB-B35A-6B613A93DF8C}
	EndGlobalSection
EndGlobal
